// !$*UTF8*$!
{
	archiveVersion = 1;
	classes = {
	};
	objectVersion = 54;
	objects = {

/* Begin PBXBuildFile section */
		00E356F31AD99517003FC87E /* FrontendTests.m in Sources */ = {isa = PBXBuildFile; fileRef = 00E356F21AD99517003FC87E /* FrontendTests.m */; };
		0C80B921A6F3F58F76C31292 /* libPods-Frontend.a in Frameworks */ = {isa = PBXBuildFile; fileRef = 5DCACB8F33CDC322A6C60F78 /* libPods-Frontend.a */; };
		13B07FBC1A68108700A75B9A /* AppDelegate.mm in Sources */ = {isa = PBXBuildFile; fileRef = 13B07FB01A68108700A75B9A /* AppDelegate.mm */; };
		13B07FBF1A68108700A75B9A /* Images.xcassets in Resources */ = {isa = PBXBuildFile; fileRef = 13B07FB51A68108700A75B9A /* Images.xcassets */; };
		13B07FC11A68108700A75B9A /* main.m in Sources */ = {isa = PBXBuildFile; fileRef = 13B07FB71A68108700A75B9A /* main.m */; };
		7699B88040F8A987B510C191 /* libPods-Frontend-FrontendTests.a in Frameworks */ = {isa = PBXBuildFile; fileRef = 19F6CBCC0A4E27FBF8BF4A61 /* libPods-Frontend-FrontendTests.a */; };
		81AB9BB82411601600AC10FF /* LaunchScreen.storyboard in Resources */ = {isa = PBXBuildFile; fileRef = 81AB9BB72411601600AC10FF /* LaunchScreen.storyboard */; };
		8BFE694E00144601B51C96BB /* Poppins-Black copy.ttf in Resources */ = {isa = PBXBuildFile; fileRef = 60695D28630D4020AF9A3242 /* Poppins-Black copy.ttf */; };
		A6B7DBFD58C247C4A9073994 /* Poppins-Black.ttf in Resources */ = {isa = PBXBuildFile; fileRef = B677A1F5FCF4448995064D3A /* Poppins-Black.ttf */; };
		CB90FD2A7D7F4A16B61699C8 /* Poppins-BlackItalic copy.ttf in Resources */ = {isa = PBXBuildFile; fileRef = 55CD663D4B464DDA90803CDF /* Poppins-BlackItalic copy.ttf */; };
		06792B5EB37C4B5E9573100E /* Poppins-BlackItalic.ttf in Resources */ = {isa = PBXBuildFile; fileRef = 6178EA09A8034F33BDFC5A4C /* Poppins-BlackItalic.ttf */; };
		B4A9835A154943B0893424D9 /* Poppins-Bold copy.ttf in Resources */ = {isa = PBXBuildFile; fileRef = 3F1C50E1A0D048AF8A6D2703 /* Poppins-Bold copy.ttf */; };
		1EB15B5222BA42D2BD9020C1 /* Poppins-Bold.ttf in Resources */ = {isa = PBXBuildFile; fileRef = 98A80238B5B24BCCB0C93677 /* Poppins-Bold.ttf */; };
		F43888FAF1584D0FA28995DF /* Poppins-BoldItalic copy.ttf in Resources */ = {isa = PBXBuildFile; fileRef = BD90B0D2EB7C4FA3B0A2037F /* Poppins-BoldItalic copy.ttf */; };
		94CF5E48D3FB4710B81D911A /* Poppins-BoldItalic.ttf in Resources */ = {isa = PBXBuildFile; fileRef = 254C750753C64DA88767FC1D /* Poppins-BoldItalic.ttf */; };
		002422419F7E4871BAE5D899 /* Poppins-ExtraBold copy.ttf in Resources */ = {isa = PBXBuildFile; fileRef = EDD5E3E7053C46B2A2988FC5 /* Poppins-ExtraBold copy.ttf */; };
		2994C2B9DE6E4AFEBF95F9D3 /* Poppins-ExtraBold.ttf in Resources */ = {isa = PBXBuildFile; fileRef = BF445FD06CFD4781A5692289 /* Poppins-ExtraBold.ttf */; };
		80F439AD609C48B9A5DEDF65 /* Poppins-ExtraBoldItalic copy.ttf in Resources */ = {isa = PBXBuildFile; fileRef = 87B439D0CA324896B483C045 /* Poppins-ExtraBoldItalic copy.ttf */; };
		B2A7CC591380410FB0DD895D /* Poppins-ExtraBoldItalic.ttf in Resources */ = {isa = PBXBuildFile; fileRef = 17EE70F835F54F29ADF7DABE /* Poppins-ExtraBoldItalic.ttf */; };
		7A39C0F78D9B404FA27F0C27 /* Poppins-ExtraLight copy.ttf in Resources */ = {isa = PBXBuildFile; fileRef = 51DF19571D944684AFCC8BB2 /* Poppins-ExtraLight copy.ttf */; };
		E1F39C41ACEC4044882F176C /* Poppins-ExtraLight.ttf in Resources */ = {isa = PBXBuildFile; fileRef = B8E26302C19149EC990CEC5F /* Poppins-ExtraLight.ttf */; };
		24E89BB7A16B43C7BC17D553 /* Poppins-ExtraLightItalic copy.ttf in Resources */ = {isa = PBXBuildFile; fileRef = 46921FE67DBB4E73A4B60D1C /* Poppins-ExtraLightItalic copy.ttf */; };
		789CF075B2F845C7BDD1AD5E /* Poppins-ExtraLightItalic.ttf in Resources */ = {isa = PBXBuildFile; fileRef = 54F96734023141D089EF1518 /* Poppins-ExtraLightItalic.ttf */; };
		80D169CB7F0A4CBEBE30116F /* Poppins-Italic copy.ttf in Resources */ = {isa = PBXBuildFile; fileRef = 58E234BA9D244C17A04751AA /* Poppins-Italic copy.ttf */; };
		2251F4C1218C49E18229E0B5 /* Poppins-Italic.ttf in Resources */ = {isa = PBXBuildFile; fileRef = 845B708D05B345F5914B249D /* Poppins-Italic.ttf */; };
		3263504F0B844E90AF7CBAB7 /* Poppins-Light copy.ttf in Resources */ = {isa = PBXBuildFile; fileRef = 7835AAE272A04D7085BDBD0D /* Poppins-Light copy.ttf */; };
		18DDB636173D40F09EC474EC /* Poppins-Light.ttf in Resources */ = {isa = PBXBuildFile; fileRef = DEB90C291FD944499AB1A025 /* Poppins-Light.ttf */; };
		C99E54C08FB84E83A0AD1795 /* Poppins-LightItalic copy.ttf in Resources */ = {isa = PBXBuildFile; fileRef = 33E067FA9BFF46E8992BE78F /* Poppins-LightItalic copy.ttf */; };
		EA7A0A8D62AA410BB23ED6AB /* Poppins-LightItalic.ttf in Resources */ = {isa = PBXBuildFile; fileRef = 1755E44031B241A391F44C20 /* Poppins-LightItalic.ttf */; };
		F0F7EA693BE54156B3A6704F /* Poppins-Medium copy.ttf in Resources */ = {isa = PBXBuildFile; fileRef = 50BF7A1D36754E31B0A57802 /* Poppins-Medium copy.ttf */; };
		E83006936A534D60AD223C72 /* Poppins-Medium.ttf in Resources */ = {isa = PBXBuildFile; fileRef = 0231151FFA524A6CB53DE82B /* Poppins-Medium.ttf */; };
		86BE68AAFA9D46EDA02A0217 /* Poppins-MediumItalic copy.ttf in Resources */ = {isa = PBXBuildFile; fileRef = 436B618971904A72BFC0304A /* Poppins-MediumItalic copy.ttf */; };
		CFCC2024166B45EF88B9642E /* Poppins-MediumItalic.ttf in Resources */ = {isa = PBXBuildFile; fileRef = 317628419F514918B47C2B26 /* Poppins-MediumItalic.ttf */; };
		BE03164DA0214FFCBBEB5C50 /* Poppins-Regular copy.ttf in Resources */ = {isa = PBXBuildFile; fileRef = AF42A6780F8E4B77A3B3D5E9 /* Poppins-Regular copy.ttf */; };
		215CD63C17474AA1AC627DC4 /* Poppins-Regular.ttf in Resources */ = {isa = PBXBuildFile; fileRef = 16FA7996B01944CF8AD0AA64 /* Poppins-Regular.ttf */; };
		99BDB6F5C9624ABBAD14B360 /* Poppins-SemiBold copy.ttf in Resources */ = {isa = PBXBuildFile; fileRef = FC8A3C594C484E08B0F5CC83 /* Poppins-SemiBold copy.ttf */; };
		209B5622B1374215AFFFD6BD /* Poppins-SemiBold.ttf in Resources */ = {isa = PBXBuildFile; fileRef = F6918CBCC91B40B98AA03D34 /* Poppins-SemiBold.ttf */; };
		B670167802FF46ADB2831939 /* Poppins-SemiBoldItalic copy.ttf in Resources */ = {isa = PBXBuildFile; fileRef = 1EFE6339ABBA4249BAF728A1 /* Poppins-SemiBoldItalic copy.ttf */; };
		6B24A595467C4228AB77DB78 /* Poppins-SemiBoldItalic.ttf in Resources */ = {isa = PBXBuildFile; fileRef = 6BFA4B6350A04C53B2B9B564 /* Poppins-SemiBoldItalic.ttf */; };
		C490C4AF36234ABBAD253880 /* Poppins-Thin copy.ttf in Resources */ = {isa = PBXBuildFile; fileRef = 6CAA088292184EA1A2331ABD /* Poppins-Thin copy.ttf */; };
		476FE1C742054CC291F5944D /* Poppins-Thin.ttf in Resources */ = {isa = PBXBuildFile; fileRef = 90CDAA9D71BA4BD895AA5DF8 /* Poppins-Thin.ttf */; };
		2F5C6EDA2FF74D8CA8603BD6 /* Poppins-ThinItalic copy.ttf in Resources */ = {isa = PBXBuildFile; fileRef = 9D7A6286C168417193E333F8 /* Poppins-ThinItalic copy.ttf */; };
		B1FF0B7DBD63441FA10936AD /* Poppins-ThinItalic.ttf in Resources */ = {isa = PBXBuildFile; fileRef = E345E5B3BC86478EB6F5BCC1 /* Poppins-ThinItalic.ttf */; };
		66CEB0D483ED4FCEA7BCEC46 /* OFL copy.txt in Resources */ = {isa = PBXBuildFile; fileRef = 96DADECD7E154D1FBCC229B8 /* OFL copy.txt */; };
		A2FEAC6836864EC7AB196A70 /* OFL.txt in Resources */ = {isa = PBXBuildFile; fileRef = CC1A9F8F34EF44918811BC77 /* OFL.txt */; };
/* End PBXBuildFile section */

/* Begin PBXContainerItemProxy section */
		00E356F41AD99517003FC87E /* PBXContainerItemProxy */ = {
			isa = PBXContainerItemProxy;
			containerPortal = 83CBB9F71A601CBA00E9B192 /* Project object */;
			proxyType = 1;
			remoteGlobalIDString = 13B07F861A680F5B00A75B9A;
			remoteInfo = Frontend;
		};
/* End PBXContainerItemProxy section */

/* Begin PBXFileReference section */
		00E356EE1AD99517003FC87E /* FrontendTests.xctest */ = {isa = PBXFileReference; explicitFileType = wrapper.cfbundle; includeInIndex = 0; path = FrontendTests.xctest; sourceTree = BUILT_PRODUCTS_DIR; };
		00E356F11AD99517003FC87E /* Info.plist */ = {isa = PBXFileReference; lastKnownFileType = text.plist.xml; path = Info.plist; sourceTree = "<group>"; };
		00E356F21AD99517003FC87E /* FrontendTests.m */ = {isa = PBXFileReference; lastKnownFileType = sourcecode.c.objc; path = FrontendTests.m; sourceTree = "<group>"; };
		13B07F961A680F5B00A75B9A /* Frontend.app */ = {isa = PBXFileReference; explicitFileType = wrapper.application; includeInIndex = 0; path = Frontend.app; sourceTree = BUILT_PRODUCTS_DIR; };
		13B07FAF1A68108700A75B9A /* AppDelegate.h */ = {isa = PBXFileReference; fileEncoding = 4; lastKnownFileType = sourcecode.c.h; name = AppDelegate.h; path = Frontend/AppDelegate.h; sourceTree = "<group>"; };
		13B07FB01A68108700A75B9A /* AppDelegate.mm */ = {isa = PBXFileReference; fileEncoding = 4; lastKnownFileType = sourcecode.cpp.objcpp; name = AppDelegate.mm; path = Frontend/AppDelegate.mm; sourceTree = "<group>"; };
		13B07FB51A68108700A75B9A /* Images.xcassets */ = {isa = PBXFileReference; lastKnownFileType = folder.assetcatalog; name = Images.xcassets; path = Frontend/Images.xcassets; sourceTree = "<group>"; };
		13B07FB61A68108700A75B9A /* Info.plist */ = {isa = PBXFileReference; fileEncoding = 4; lastKnownFileType = text.plist.xml; name = Info.plist; path = Frontend/Info.plist; sourceTree = "<group>"; };
		13B07FB71A68108700A75B9A /* main.m */ = {isa = PBXFileReference; fileEncoding = 4; lastKnownFileType = sourcecode.c.objc; name = main.m; path = Frontend/main.m; sourceTree = "<group>"; };
		19F6CBCC0A4E27FBF8BF4A61 /* libPods-Frontend-FrontendTests.a */ = {isa = PBXFileReference; explicitFileType = archive.ar; includeInIndex = 0; path = "libPods-Frontend-FrontendTests.a"; sourceTree = BUILT_PRODUCTS_DIR; };
		3B4392A12AC88292D35C810B /* Pods-Frontend.debug.xcconfig */ = {isa = PBXFileReference; includeInIndex = 1; lastKnownFileType = text.xcconfig; name = "Pods-Frontend.debug.xcconfig"; path = "Target Support Files/Pods-Frontend/Pods-Frontend.debug.xcconfig"; sourceTree = "<group>"; };
		5709B34CF0A7D63546082F79 /* Pods-Frontend.release.xcconfig */ = {isa = PBXFileReference; includeInIndex = 1; lastKnownFileType = text.xcconfig; name = "Pods-Frontend.release.xcconfig"; path = "Target Support Files/Pods-Frontend/Pods-Frontend.release.xcconfig"; sourceTree = "<group>"; };
		5B7EB9410499542E8C5724F5 /* Pods-Frontend-FrontendTests.debug.xcconfig */ = {isa = PBXFileReference; includeInIndex = 1; lastKnownFileType = text.xcconfig; name = "Pods-Frontend-FrontendTests.debug.xcconfig"; path = "Target Support Files/Pods-Frontend-FrontendTests/Pods-Frontend-FrontendTests.debug.xcconfig"; sourceTree = "<group>"; };
		5DCACB8F33CDC322A6C60F78 /* libPods-Frontend.a */ = {isa = PBXFileReference; explicitFileType = archive.ar; includeInIndex = 0; path = "libPods-Frontend.a"; sourceTree = BUILT_PRODUCTS_DIR; };
		81AB9BB72411601600AC10FF /* LaunchScreen.storyboard */ = {isa = PBXFileReference; fileEncoding = 4; lastKnownFileType = file.storyboard; name = LaunchScreen.storyboard; path = Frontend/LaunchScreen.storyboard; sourceTree = "<group>"; };
		89C6BE57DB24E9ADA2F236DE /* Pods-Frontend-FrontendTests.release.xcconfig */ = {isa = PBXFileReference; includeInIndex = 1; lastKnownFileType = text.xcconfig; name = "Pods-Frontend-FrontendTests.release.xcconfig"; path = "Target Support Files/Pods-Frontend-FrontendTests/Pods-Frontend-FrontendTests.release.xcconfig"; sourceTree = "<group>"; };
		ED297162215061F000B7C4FE /* JavaScriptCore.framework */ = {isa = PBXFileReference; lastKnownFileType = wrapper.framework; name = JavaScriptCore.framework; path = System/Library/Frameworks/JavaScriptCore.framework; sourceTree = SDKROOT; };
		60695D28630D4020AF9A3242 /* Poppins-Black copy.ttf */ = {isa = PBXFileReference; name = "Poppins-Black copy.ttf"; path = "../src/assets/fonts/Poppins-Black copy.ttf"; sourceTree = "<group>"; fileEncoding = undefined; lastKnownFileType = unknown; explicitFileType = undefined; includeInIndex = 0; };
		B677A1F5FCF4448995064D3A /* Poppins-Black.ttf */ = {isa = PBXFileReference; name = "Poppins-Black.ttf"; path = "../src/assets/fonts/Poppins-Black.ttf"; sourceTree = "<group>"; fileEncoding = undefined; lastKnownFileType = unknown; explicitFileType = undefined; includeInIndex = 0; };
		55CD663D4B464DDA90803CDF /* Poppins-BlackItalic copy.ttf */ = {isa = PBXFileReference; name = "Poppins-BlackItalic copy.ttf"; path = "../src/assets/fonts/Poppins-BlackItalic copy.ttf"; sourceTree = "<group>"; fileEncoding = undefined; lastKnownFileType = unknown; explicitFileType = undefined; includeInIndex = 0; };
		6178EA09A8034F33BDFC5A4C /* Poppins-BlackItalic.ttf */ = {isa = PBXFileReference; name = "Poppins-BlackItalic.ttf"; path = "../src/assets/fonts/Poppins-BlackItalic.ttf"; sourceTree = "<group>"; fileEncoding = undefined; lastKnownFileType = unknown; explicitFileType = undefined; includeInIndex = 0; };
		3F1C50E1A0D048AF8A6D2703 /* Poppins-Bold copy.ttf */ = {isa = PBXFileReference; name = "Poppins-Bold copy.ttf"; path = "../src/assets/fonts/Poppins-Bold copy.ttf"; sourceTree = "<group>"; fileEncoding = undefined; lastKnownFileType = unknown; explicitFileType = undefined; includeInIndex = 0; };
		98A80238B5B24BCCB0C93677 /* Poppins-Bold.ttf */ = {isa = PBXFileReference; name = "Poppins-Bold.ttf"; path = "../src/assets/fonts/Poppins-Bold.ttf"; sourceTree = "<group>"; fileEncoding = undefined; lastKnownFileType = unknown; explicitFileType = undefined; includeInIndex = 0; };
		BD90B0D2EB7C4FA3B0A2037F /* Poppins-BoldItalic copy.ttf */ = {isa = PBXFileReference; name = "Poppins-BoldItalic copy.ttf"; path = "../src/assets/fonts/Poppins-BoldItalic copy.ttf"; sourceTree = "<group>"; fileEncoding = undefined; lastKnownFileType = unknown; explicitFileType = undefined; includeInIndex = 0; };
		254C750753C64DA88767FC1D /* Poppins-BoldItalic.ttf */ = {isa = PBXFileReference; name = "Poppins-BoldItalic.ttf"; path = "../src/assets/fonts/Poppins-BoldItalic.ttf"; sourceTree = "<group>"; fileEncoding = undefined; lastKnownFileType = unknown; explicitFileType = undefined; includeInIndex = 0; };
		EDD5E3E7053C46B2A2988FC5 /* Poppins-ExtraBold copy.ttf */ = {isa = PBXFileReference; name = "Poppins-ExtraBold copy.ttf"; path = "../src/assets/fonts/Poppins-ExtraBold copy.ttf"; sourceTree = "<group>"; fileEncoding = undefined; lastKnownFileType = unknown; explicitFileType = undefined; includeInIndex = 0; };
		BF445FD06CFD4781A5692289 /* Poppins-ExtraBold.ttf */ = {isa = PBXFileReference; name = "Poppins-ExtraBold.ttf"; path = "../src/assets/fonts/Poppins-ExtraBold.ttf"; sourceTree = "<group>"; fileEncoding = undefined; lastKnownFileType = unknown; explicitFileType = undefined; includeInIndex = 0; };
		87B439D0CA324896B483C045 /* Poppins-ExtraBoldItalic copy.ttf */ = {isa = PBXFileReference; name = "Poppins-ExtraBoldItalic copy.ttf"; path = "../src/assets/fonts/Poppins-ExtraBoldItalic copy.ttf"; sourceTree = "<group>"; fileEncoding = undefined; lastKnownFileType = unknown; explicitFileType = undefined; includeInIndex = 0; };
		17EE70F835F54F29ADF7DABE /* Poppins-ExtraBoldItalic.ttf */ = {isa = PBXFileReference; name = "Poppins-ExtraBoldItalic.ttf"; path = "../src/assets/fonts/Poppins-ExtraBoldItalic.ttf"; sourceTree = "<group>"; fileEncoding = undefined; lastKnownFileType = unknown; explicitFileType = undefined; includeInIndex = 0; };
		51DF19571D944684AFCC8BB2 /* Poppins-ExtraLight copy.ttf */ = {isa = PBXFileReference; name = "Poppins-ExtraLight copy.ttf"; path = "../src/assets/fonts/Poppins-ExtraLight copy.ttf"; sourceTree = "<group>"; fileEncoding = undefined; lastKnownFileType = unknown; explicitFileType = undefined; includeInIndex = 0; };
		B8E26302C19149EC990CEC5F /* Poppins-ExtraLight.ttf */ = {isa = PBXFileReference; name = "Poppins-ExtraLight.ttf"; path = "../src/assets/fonts/Poppins-ExtraLight.ttf"; sourceTree = "<group>"; fileEncoding = undefined; lastKnownFileType = unknown; explicitFileType = undefined; includeInIndex = 0; };
		46921FE67DBB4E73A4B60D1C /* Poppins-ExtraLightItalic copy.ttf */ = {isa = PBXFileReference; name = "Poppins-ExtraLightItalic copy.ttf"; path = "../src/assets/fonts/Poppins-ExtraLightItalic copy.ttf"; sourceTree = "<group>"; fileEncoding = undefined; lastKnownFileType = unknown; explicitFileType = undefined; includeInIndex = 0; };
		54F96734023141D089EF1518 /* Poppins-ExtraLightItalic.ttf */ = {isa = PBXFileReference; name = "Poppins-ExtraLightItalic.ttf"; path = "../src/assets/fonts/Poppins-ExtraLightItalic.ttf"; sourceTree = "<group>"; fileEncoding = undefined; lastKnownFileType = unknown; explicitFileType = undefined; includeInIndex = 0; };
		58E234BA9D244C17A04751AA /* Poppins-Italic copy.ttf */ = {isa = PBXFileReference; name = "Poppins-Italic copy.ttf"; path = "../src/assets/fonts/Poppins-Italic copy.ttf"; sourceTree = "<group>"; fileEncoding = undefined; lastKnownFileType = unknown; explicitFileType = undefined; includeInIndex = 0; };
		845B708D05B345F5914B249D /* Poppins-Italic.ttf */ = {isa = PBXFileReference; name = "Poppins-Italic.ttf"; path = "../src/assets/fonts/Poppins-Italic.ttf"; sourceTree = "<group>"; fileEncoding = undefined; lastKnownFileType = unknown; explicitFileType = undefined; includeInIndex = 0; };
		7835AAE272A04D7085BDBD0D /* Poppins-Light copy.ttf */ = {isa = PBXFileReference; name = "Poppins-Light copy.ttf"; path = "../src/assets/fonts/Poppins-Light copy.ttf"; sourceTree = "<group>"; fileEncoding = undefined; lastKnownFileType = unknown; explicitFileType = undefined; includeInIndex = 0; };
		DEB90C291FD944499AB1A025 /* Poppins-Light.ttf */ = {isa = PBXFileReference; name = "Poppins-Light.ttf"; path = "../src/assets/fonts/Poppins-Light.ttf"; sourceTree = "<group>"; fileEncoding = undefined; lastKnownFileType = unknown; explicitFileType = undefined; includeInIndex = 0; };
		33E067FA9BFF46E8992BE78F /* Poppins-LightItalic copy.ttf */ = {isa = PBXFileReference; name = "Poppins-LightItalic copy.ttf"; path = "../src/assets/fonts/Poppins-LightItalic copy.ttf"; sourceTree = "<group>"; fileEncoding = undefined; lastKnownFileType = unknown; explicitFileType = undefined; includeInIndex = 0; };
		1755E44031B241A391F44C20 /* Poppins-LightItalic.ttf */ = {isa = PBXFileReference; name = "Poppins-LightItalic.ttf"; path = "../src/assets/fonts/Poppins-LightItalic.ttf"; sourceTree = "<group>"; fileEncoding = undefined; lastKnownFileType = unknown; explicitFileType = undefined; includeInIndex = 0; };
		50BF7A1D36754E31B0A57802 /* Poppins-Medium copy.ttf */ = {isa = PBXFileReference; name = "Poppins-Medium copy.ttf"; path = "../src/assets/fonts/Poppins-Medium copy.ttf"; sourceTree = "<group>"; fileEncoding = undefined; lastKnownFileType = unknown; explicitFileType = undefined; includeInIndex = 0; };
		0231151FFA524A6CB53DE82B /* Poppins-Medium.ttf */ = {isa = PBXFileReference; name = "Poppins-Medium.ttf"; path = "../src/assets/fonts/Poppins-Medium.ttf"; sourceTree = "<group>"; fileEncoding = undefined; lastKnownFileType = unknown; explicitFileType = undefined; includeInIndex = 0; };
		436B618971904A72BFC0304A /* Poppins-MediumItalic copy.ttf */ = {isa = PBXFileReference; name = "Poppins-MediumItalic copy.ttf"; path = "../src/assets/fonts/Poppins-MediumItalic copy.ttf"; sourceTree = "<group>"; fileEncoding = undefined; lastKnownFileType = unknown; explicitFileType = undefined; includeInIndex = 0; };
		317628419F514918B47C2B26 /* Poppins-MediumItalic.ttf */ = {isa = PBXFileReference; name = "Poppins-MediumItalic.ttf"; path = "../src/assets/fonts/Poppins-MediumItalic.ttf"; sourceTree = "<group>"; fileEncoding = undefined; lastKnownFileType = unknown; explicitFileType = undefined; includeInIndex = 0; };
		AF42A6780F8E4B77A3B3D5E9 /* Poppins-Regular copy.ttf */ = {isa = PBXFileReference; name = "Poppins-Regular copy.ttf"; path = "../src/assets/fonts/Poppins-Regular copy.ttf"; sourceTree = "<group>"; fileEncoding = undefined; lastKnownFileType = unknown; explicitFileType = undefined; includeInIndex = 0; };
		16FA7996B01944CF8AD0AA64 /* Poppins-Regular.ttf */ = {isa = PBXFileReference; name = "Poppins-Regular.ttf"; path = "../src/assets/fonts/Poppins-Regular.ttf"; sourceTree = "<group>"; fileEncoding = undefined; lastKnownFileType = unknown; explicitFileType = undefined; includeInIndex = 0; };
		FC8A3C594C484E08B0F5CC83 /* Poppins-SemiBold copy.ttf */ = {isa = PBXFileReference; name = "Poppins-SemiBold copy.ttf"; path = "../src/assets/fonts/Poppins-SemiBold copy.ttf"; sourceTree = "<group>"; fileEncoding = undefined; lastKnownFileType = unknown; explicitFileType = undefined; includeInIndex = 0; };
		F6918CBCC91B40B98AA03D34 /* Poppins-SemiBold.ttf */ = {isa = PBXFileReference; name = "Poppins-SemiBold.ttf"; path = "../src/assets/fonts/Poppins-SemiBold.ttf"; sourceTree = "<group>"; fileEncoding = undefined; lastKnownFileType = unknown; explicitFileType = undefined; includeInIndex = 0; };
		1EFE6339ABBA4249BAF728A1 /* Poppins-SemiBoldItalic copy.ttf */ = {isa = PBXFileReference; name = "Poppins-SemiBoldItalic copy.ttf"; path = "../src/assets/fonts/Poppins-SemiBoldItalic copy.ttf"; sourceTree = "<group>"; fileEncoding = undefined; lastKnownFileType = unknown; explicitFileType = undefined; includeInIndex = 0; };
		6BFA4B6350A04C53B2B9B564 /* Poppins-SemiBoldItalic.ttf */ = {isa = PBXFileReference; name = "Poppins-SemiBoldItalic.ttf"; path = "../src/assets/fonts/Poppins-SemiBoldItalic.ttf"; sourceTree = "<group>"; fileEncoding = undefined; lastKnownFileType = unknown; explicitFileType = undefined; includeInIndex = 0; };
		6CAA088292184EA1A2331ABD /* Poppins-Thin copy.ttf */ = {isa = PBXFileReference; name = "Poppins-Thin copy.ttf"; path = "../src/assets/fonts/Poppins-Thin copy.ttf"; sourceTree = "<group>"; fileEncoding = undefined; lastKnownFileType = unknown; explicitFileType = undefined; includeInIndex = 0; };
		90CDAA9D71BA4BD895AA5DF8 /* Poppins-Thin.ttf */ = {isa = PBXFileReference; name = "Poppins-Thin.ttf"; path = "../src/assets/fonts/Poppins-Thin.ttf"; sourceTree = "<group>"; fileEncoding = undefined; lastKnownFileType = unknown; explicitFileType = undefined; includeInIndex = 0; };
		9D7A6286C168417193E333F8 /* Poppins-ThinItalic copy.ttf */ = {isa = PBXFileReference; name = "Poppins-ThinItalic copy.ttf"; path = "../src/assets/fonts/Poppins-ThinItalic copy.ttf"; sourceTree = "<group>"; fileEncoding = undefined; lastKnownFileType = unknown; explicitFileType = undefined; includeInIndex = 0; };
		E345E5B3BC86478EB6F5BCC1 /* Poppins-ThinItalic.ttf */ = {isa = PBXFileReference; name = "Poppins-ThinItalic.ttf"; path = "../src/assets/fonts/Poppins-ThinItalic.ttf"; sourceTree = "<group>"; fileEncoding = undefined; lastKnownFileType = unknown; explicitFileType = undefined; includeInIndex = 0; };
		96DADECD7E154D1FBCC229B8 /* OFL copy.txt */ = {isa = PBXFileReference; name = "OFL copy.txt"; path = "../src/assets/fonts/OFL copy.txt"; sourceTree = "<group>"; fileEncoding = undefined; lastKnownFileType = unknown; explicitFileType = undefined; includeInIndex = 0; };
		CC1A9F8F34EF44918811BC77 /* OFL.txt */ = {isa = PBXFileReference; name = "OFL.txt"; path = "../src/assets/fonts/OFL.txt"; sourceTree = "<group>"; fileEncoding = undefined; lastKnownFileType = unknown; explicitFileType = undefined; includeInIndex = 0; };
/* End PBXFileReference section */

/* Begin PBXFrameworksBuildPhase section */
		00E356EB1AD99517003FC87E /* Frameworks */ = {
			isa = PBXFrameworksBuildPhase;
			buildActionMask = 2147483647;
			files = (
				7699B88040F8A987B510C191 /* libPods-Frontend-FrontendTests.a in Frameworks */,
			);
			runOnlyForDeploymentPostprocessing = 0;
		};
		13B07F8C1A680F5B00A75B9A /* Frameworks */ = {
			isa = PBXFrameworksBuildPhase;
			buildActionMask = 2147483647;
			files = (
				0C80B921A6F3F58F76C31292 /* libPods-Frontend.a in Frameworks */,
			);
			runOnlyForDeploymentPostprocessing = 0;
		};
/* End PBXFrameworksBuildPhase section */

/* Begin PBXGroup section */
		00E356EF1AD99517003FC87E /* FrontendTests */ = {
			isa = PBXGroup;
			children = (
				00E356F21AD99517003FC87E /* FrontendTests.m */,
				00E356F01AD99517003FC87E /* Supporting Files */,
			);
			path = FrontendTests;
			sourceTree = "<group>";
		};
		00E356F01AD99517003FC87E /* Supporting Files */ = {
			isa = PBXGroup;
			children = (
				00E356F11AD99517003FC87E /* Info.plist */,
			);
			name = "Supporting Files";
			sourceTree = "<group>";
		};
		13B07FAE1A68108700A75B9A /* Frontend */ = {
			isa = PBXGroup;
			children = (
				13B07FAF1A68108700A75B9A /* AppDelegate.h */,
				13B07FB01A68108700A75B9A /* AppDelegate.mm */,
				13B07FB51A68108700A75B9A /* Images.xcassets */,
				13B07FB61A68108700A75B9A /* Info.plist */,
				81AB9BB72411601600AC10FF /* LaunchScreen.storyboard */,
				13B07FB71A68108700A75B9A /* main.m */,
			);
			name = Frontend;
			sourceTree = "<group>";
		};
		2D16E6871FA4F8E400B85C8A /* Frameworks */ = {
			isa = PBXGroup;
			children = (
				ED297162215061F000B7C4FE /* JavaScriptCore.framework */,
				5DCACB8F33CDC322A6C60F78 /* libPods-Frontend.a */,
				19F6CBCC0A4E27FBF8BF4A61 /* libPods-Frontend-FrontendTests.a */,
			);
			name = Frameworks;
			sourceTree = "<group>";
		};
		832341AE1AAA6A7D00B99B32 /* Libraries */ = {
			isa = PBXGroup;
			children = (
			);
			name = Libraries;
			sourceTree = "<group>";
		};
		83CBB9F61A601CBA00E9B192 = {
			isa = PBXGroup;
			children = (
				13B07FAE1A68108700A75B9A /* Frontend */,
				832341AE1AAA6A7D00B99B32 /* Libraries */,
				00E356EF1AD99517003FC87E /* FrontendTests */,
				83CBBA001A601CBA00E9B192 /* Products */,
				2D16E6871FA4F8E400B85C8A /* Frameworks */,
				BBD78D7AC51CEA395F1C20DB /* Pods */,
				B4E085DEBF8D41DB9472EF28 /* Resources */,
			);
			indentWidth = 2;
			sourceTree = "<group>";
			tabWidth = 2;
			usesTabs = 0;
		};
		83CBBA001A601CBA00E9B192 /* Products */ = {
			isa = PBXGroup;
			children = (
				13B07F961A680F5B00A75B9A /* Frontend.app */,
				00E356EE1AD99517003FC87E /* FrontendTests.xctest */,
			);
			name = Products;
			sourceTree = "<group>";
		};
		BBD78D7AC51CEA395F1C20DB /* Pods */ = {
			isa = PBXGroup;
			children = (
				3B4392A12AC88292D35C810B /* Pods-Frontend.debug.xcconfig */,
				5709B34CF0A7D63546082F79 /* Pods-Frontend.release.xcconfig */,
				5B7EB9410499542E8C5724F5 /* Pods-Frontend-FrontendTests.debug.xcconfig */,
				89C6BE57DB24E9ADA2F236DE /* Pods-Frontend-FrontendTests.release.xcconfig */,
			);
			path = Pods;
			sourceTree = "<group>";
		};
		B4E085DEBF8D41DB9472EF28 /* Resources */ = {
			isa = "PBXGroup";
			children = (
				60695D28630D4020AF9A3242 /* Poppins-Black copy.ttf */,
				B677A1F5FCF4448995064D3A /* Poppins-Black.ttf */,
				55CD663D4B464DDA90803CDF /* Poppins-BlackItalic copy.ttf */,
				6178EA09A8034F33BDFC5A4C /* Poppins-BlackItalic.ttf */,
				3F1C50E1A0D048AF8A6D2703 /* Poppins-Bold copy.ttf */,
				98A80238B5B24BCCB0C93677 /* Poppins-Bold.ttf */,
				BD90B0D2EB7C4FA3B0A2037F /* Poppins-BoldItalic copy.ttf */,
				254C750753C64DA88767FC1D /* Poppins-BoldItalic.ttf */,
				EDD5E3E7053C46B2A2988FC5 /* Poppins-ExtraBold copy.ttf */,
				BF445FD06CFD4781A5692289 /* Poppins-ExtraBold.ttf */,
				87B439D0CA324896B483C045 /* Poppins-ExtraBoldItalic copy.ttf */,
				17EE70F835F54F29ADF7DABE /* Poppins-ExtraBoldItalic.ttf */,
				51DF19571D944684AFCC8BB2 /* Poppins-ExtraLight copy.ttf */,
				B8E26302C19149EC990CEC5F /* Poppins-ExtraLight.ttf */,
				46921FE67DBB4E73A4B60D1C /* Poppins-ExtraLightItalic copy.ttf */,
				54F96734023141D089EF1518 /* Poppins-ExtraLightItalic.ttf */,
				58E234BA9D244C17A04751AA /* Poppins-Italic copy.ttf */,
				845B708D05B345F5914B249D /* Poppins-Italic.ttf */,
				7835AAE272A04D7085BDBD0D /* Poppins-Light copy.ttf */,
				DEB90C291FD944499AB1A025 /* Poppins-Light.ttf */,
				33E067FA9BFF46E8992BE78F /* Poppins-LightItalic copy.ttf */,
				1755E44031B241A391F44C20 /* Poppins-LightItalic.ttf */,
				50BF7A1D36754E31B0A57802 /* Poppins-Medium copy.ttf */,
				0231151FFA524A6CB53DE82B /* Poppins-Medium.ttf */,
				436B618971904A72BFC0304A /* Poppins-MediumItalic copy.ttf */,
				317628419F514918B47C2B26 /* Poppins-MediumItalic.ttf */,
				AF42A6780F8E4B77A3B3D5E9 /* Poppins-Regular copy.ttf */,
				16FA7996B01944CF8AD0AA64 /* Poppins-Regular.ttf */,
				FC8A3C594C484E08B0F5CC83 /* Poppins-SemiBold copy.ttf */,
				F6918CBCC91B40B98AA03D34 /* Poppins-SemiBold.ttf */,
				1EFE6339ABBA4249BAF728A1 /* Poppins-SemiBoldItalic copy.ttf */,
				6BFA4B6350A04C53B2B9B564 /* Poppins-SemiBoldItalic.ttf */,
				6CAA088292184EA1A2331ABD /* Poppins-Thin copy.ttf */,
				90CDAA9D71BA4BD895AA5DF8 /* Poppins-Thin.ttf */,
				9D7A6286C168417193E333F8 /* Poppins-ThinItalic copy.ttf */,
				E345E5B3BC86478EB6F5BCC1 /* Poppins-ThinItalic.ttf */,
				96DADECD7E154D1FBCC229B8 /* OFL copy.txt */,
				CC1A9F8F34EF44918811BC77 /* OFL.txt */,
			);
			name = Resources;
			sourceTree = "<group>";
			path = "";
		};
/* End PBXGroup section */

/* Begin PBXNativeTarget section */
		00E356ED1AD99517003FC87E /* FrontendTests */ = {
			isa = PBXNativeTarget;
			buildConfigurationList = 00E357021AD99517003FC87E /* Build configuration list for PBXNativeTarget "FrontendTests" */;
			buildPhases = (
				A55EABD7B0C7F3A422A6CC61 /* [CP] Check Pods Manifest.lock */,
				00E356EA1AD99517003FC87E /* Sources */,
				00E356EB1AD99517003FC87E /* Frameworks */,
				00E356EC1AD99517003FC87E /* Resources */,
				C59DA0FBD6956966B86A3779 /* [CP] Embed Pods Frameworks */,
				F6A41C54EA430FDDC6A6ED99 /* [CP] Copy Pods Resources */,
			);
			buildRules = (
			);
			dependencies = (
				00E356F51AD99517003FC87E /* PBXTargetDependency */,
			);
			name = FrontendTests;
			productName = FrontendTests;
			productReference = 00E356EE1AD99517003FC87E /* FrontendTests.xctest */;
			productType = "com.apple.product-type.bundle.unit-test";
		};
		13B07F861A680F5B00A75B9A /* Frontend */ = {
			isa = PBXNativeTarget;
			buildConfigurationList = 13B07F931A680F5B00A75B9A /* Build configuration list for PBXNativeTarget "Frontend" */;
			buildPhases = (
				C38B50BA6285516D6DCD4F65 /* [CP] Check Pods Manifest.lock */,
				FD10A7F022414F080027D42C /* Start Packager */,
				13B07F871A680F5B00A75B9A /* Sources */,
				13B07F8C1A680F5B00A75B9A /* Frameworks */,
				13B07F8E1A680F5B00A75B9A /* Resources */,
				00DD1BFF1BD5951E006B06BC /* Bundle React Native code and images */,
				00EEFC60759A1932668264C0 /* [CP] Embed Pods Frameworks */,
				E235C05ADACE081382539298 /* [CP] Copy Pods Resources */,
			);
			buildRules = (
			);
			dependencies = (
			);
			name = Frontend;
			productName = Frontend;
			productReference = 13B07F961A680F5B00A75B9A /* Frontend.app */;
			productType = "com.apple.product-type.application";
		};
/* End PBXNativeTarget section */

/* Begin PBXProject section */
		83CBB9F71A601CBA00E9B192 /* Project object */ = {
			isa = PBXProject;
			attributes = {
				LastUpgradeCheck = 1210;
				TargetAttributes = {
					00E356ED1AD99517003FC87E = {
						CreatedOnToolsVersion = 6.2;
						TestTargetID = 13B07F861A680F5B00A75B9A;
					};
					13B07F861A680F5B00A75B9A = {
						LastSwiftMigration = 1120;
					};
				};
			};
			buildConfigurationList = 83CBB9FA1A601CBA00E9B192 /* Build configuration list for PBXProject "Frontend" */;
			compatibilityVersion = "Xcode 12.0";
			developmentRegion = en;
			hasScannedForEncodings = 0;
			knownRegions = (
				en,
				Base,
			);
			mainGroup = 83CBB9F61A601CBA00E9B192;
			productRefGroup = 83CBBA001A601CBA00E9B192 /* Products */;
			projectDirPath = "";
			projectRoot = "";
			targets = (
				13B07F861A680F5B00A75B9A /* Frontend */,
				00E356ED1AD99517003FC87E /* FrontendTests */,
			);
		};
/* End PBXProject section */

/* Begin PBXResourcesBuildPhase section */
		00E356EC1AD99517003FC87E /* Resources */ = {
			isa = PBXResourcesBuildPhase;
			buildActionMask = 2147483647;
			files = (
			);
			runOnlyForDeploymentPostprocessing = 0;
		};
		13B07F8E1A680F5B00A75B9A /* Resources */ = {
			isa = PBXResourcesBuildPhase;
			buildActionMask = 2147483647;
			files = (
				81AB9BB82411601600AC10FF /* LaunchScreen.storyboard in Resources */,
				13B07FBF1A68108700A75B9A /* Images.xcassets in Resources */,
				8BFE694E00144601B51C96BB /* Poppins-Black copy.ttf in Resources */,
				A6B7DBFD58C247C4A9073994 /* Poppins-Black.ttf in Resources */,
				CB90FD2A7D7F4A16B61699C8 /* Poppins-BlackItalic copy.ttf in Resources */,
				06792B5EB37C4B5E9573100E /* Poppins-BlackItalic.ttf in Resources */,
				B4A9835A154943B0893424D9 /* Poppins-Bold copy.ttf in Resources */,
				1EB15B5222BA42D2BD9020C1 /* Poppins-Bold.ttf in Resources */,
				F43888FAF1584D0FA28995DF /* Poppins-BoldItalic copy.ttf in Resources */,
				94CF5E48D3FB4710B81D911A /* Poppins-BoldItalic.ttf in Resources */,
				002422419F7E4871BAE5D899 /* Poppins-ExtraBold copy.ttf in Resources */,
				2994C2B9DE6E4AFEBF95F9D3 /* Poppins-ExtraBold.ttf in Resources */,
				80F439AD609C48B9A5DEDF65 /* Poppins-ExtraBoldItalic copy.ttf in Resources */,
				B2A7CC591380410FB0DD895D /* Poppins-ExtraBoldItalic.ttf in Resources */,
				7A39C0F78D9B404FA27F0C27 /* Poppins-ExtraLight copy.ttf in Resources */,
				E1F39C41ACEC4044882F176C /* Poppins-ExtraLight.ttf in Resources */,
				24E89BB7A16B43C7BC17D553 /* Poppins-ExtraLightItalic copy.ttf in Resources */,
				789CF075B2F845C7BDD1AD5E /* Poppins-ExtraLightItalic.ttf in Resources */,
				80D169CB7F0A4CBEBE30116F /* Poppins-Italic copy.ttf in Resources */,
				2251F4C1218C49E18229E0B5 /* Poppins-Italic.ttf in Resources */,
				3263504F0B844E90AF7CBAB7 /* Poppins-Light copy.ttf in Resources */,
				18DDB636173D40F09EC474EC /* Poppins-Light.ttf in Resources */,
				C99E54C08FB84E83A0AD1795 /* Poppins-LightItalic copy.ttf in Resources */,
				EA7A0A8D62AA410BB23ED6AB /* Poppins-LightItalic.ttf in Resources */,
				F0F7EA693BE54156B3A6704F /* Poppins-Medium copy.ttf in Resources */,
				E83006936A534D60AD223C72 /* Poppins-Medium.ttf in Resources */,
				86BE68AAFA9D46EDA02A0217 /* Poppins-MediumItalic copy.ttf in Resources */,
				CFCC2024166B45EF88B9642E /* Poppins-MediumItalic.ttf in Resources */,
				BE03164DA0214FFCBBEB5C50 /* Poppins-Regular copy.ttf in Resources */,
				215CD63C17474AA1AC627DC4 /* Poppins-Regular.ttf in Resources */,
				99BDB6F5C9624ABBAD14B360 /* Poppins-SemiBold copy.ttf in Resources */,
				209B5622B1374215AFFFD6BD /* Poppins-SemiBold.ttf in Resources */,
				B670167802FF46ADB2831939 /* Poppins-SemiBoldItalic copy.ttf in Resources */,
				6B24A595467C4228AB77DB78 /* Poppins-SemiBoldItalic.ttf in Resources */,
				C490C4AF36234ABBAD253880 /* Poppins-Thin copy.ttf in Resources */,
				476FE1C742054CC291F5944D /* Poppins-Thin.ttf in Resources */,
				2F5C6EDA2FF74D8CA8603BD6 /* Poppins-ThinItalic copy.ttf in Resources */,
				B1FF0B7DBD63441FA10936AD /* Poppins-ThinItalic.ttf in Resources */,
				66CEB0D483ED4FCEA7BCEC46 /* OFL copy.txt in Resources */,
				A2FEAC6836864EC7AB196A70 /* OFL.txt in Resources */,
			);
			runOnlyForDeploymentPostprocessing = 0;
		};
/* End PBXResourcesBuildPhase section */

/* Begin PBXShellScriptBuildPhase section */
		00DD1BFF1BD5951E006B06BC /* Bundle React Native code and images */ = {
			isa = PBXShellScriptBuildPhase;
			buildActionMask = 2147483647;
			files = (
			);
			inputPaths = (
				"$(SRCROOT)/.xcode.env.local",
				"$(SRCROOT)/.xcode.env",
			);
			name = "Bundle React Native code and images";
			outputPaths = (
			);
			runOnlyForDeploymentPostprocessing = 0;
			shellPath = /bin/sh;
			shellScript = "set -e\n\nWITH_ENVIRONMENT=\"../node_modules/react-native/scripts/xcode/with-environment.sh\"\nREACT_NATIVE_XCODE=\"../node_modules/react-native/scripts/react-native-xcode.sh\"\n\n/bin/sh -c \"$WITH_ENVIRONMENT $REACT_NATIVE_XCODE\"\n";
		};
		00EEFC60759A1932668264C0 /* [CP] Embed Pods Frameworks */ = {
			isa = PBXShellScriptBuildPhase;
			buildActionMask = 2147483647;
			files = (
			);
			inputFileListPaths = (
				"${PODS_ROOT}/Target Support Files/Pods-Frontend/Pods-Frontend-frameworks-${CONFIGURATION}-input-files.xcfilelist",
			);
			name = "[CP] Embed Pods Frameworks";
			outputFileListPaths = (
				"${PODS_ROOT}/Target Support Files/Pods-Frontend/Pods-Frontend-frameworks-${CONFIGURATION}-output-files.xcfilelist",
			);
			runOnlyForDeploymentPostprocessing = 0;
			shellPath = /bin/sh;
			shellScript = "\"${PODS_ROOT}/Target Support Files/Pods-Frontend/Pods-Frontend-frameworks.sh\"\n";
			showEnvVarsInLog = 0;
		};
		A55EABD7B0C7F3A422A6CC61 /* [CP] Check Pods Manifest.lock */ = {
			isa = PBXShellScriptBuildPhase;
			buildActionMask = 2147483647;
			files = (
			);
			inputFileListPaths = (
			);
			inputPaths = (
				"${PODS_PODFILE_DIR_PATH}/Podfile.lock",
				"${PODS_ROOT}/Manifest.lock",
			);
			name = "[CP] Check Pods Manifest.lock";
			outputFileListPaths = (
			);
			outputPaths = (
				"$(DERIVED_FILE_DIR)/Pods-Frontend-FrontendTests-checkManifestLockResult.txt",
			);
			runOnlyForDeploymentPostprocessing = 0;
			shellPath = /bin/sh;
			shellScript = "diff \"${PODS_PODFILE_DIR_PATH}/Podfile.lock\" \"${PODS_ROOT}/Manifest.lock\" > /dev/null\nif [ $? != 0 ] ; then\n    # print error to STDERR\n    echo \"error: The sandbox is not in sync with the Podfile.lock. Run 'pod install' or update your CocoaPods installation.\" >&2\n    exit 1\nfi\n# This output is used by Xcode 'outputs' to avoid re-running this script phase.\necho \"SUCCESS\" > \"${SCRIPT_OUTPUT_FILE_0}\"\n";
			showEnvVarsInLog = 0;
		};
		C38B50BA6285516D6DCD4F65 /* [CP] Check Pods Manifest.lock */ = {
			isa = PBXShellScriptBuildPhase;
			buildActionMask = 2147483647;
			files = (
			);
			inputFileListPaths = (
			);
			inputPaths = (
				"${PODS_PODFILE_DIR_PATH}/Podfile.lock",
				"${PODS_ROOT}/Manifest.lock",
			);
			name = "[CP] Check Pods Manifest.lock";
			outputFileListPaths = (
			);
			outputPaths = (
				"$(DERIVED_FILE_DIR)/Pods-Frontend-checkManifestLockResult.txt",
			);
			runOnlyForDeploymentPostprocessing = 0;
			shellPath = /bin/sh;
			shellScript = "diff \"${PODS_PODFILE_DIR_PATH}/Podfile.lock\" \"${PODS_ROOT}/Manifest.lock\" > /dev/null\nif [ $? != 0 ] ; then\n    # print error to STDERR\n    echo \"error: The sandbox is not in sync with the Podfile.lock. Run 'pod install' or update your CocoaPods installation.\" >&2\n    exit 1\nfi\n# This output is used by Xcode 'outputs' to avoid re-running this script phase.\necho \"SUCCESS\" > \"${SCRIPT_OUTPUT_FILE_0}\"\n";
			showEnvVarsInLog = 0;
		};
		C59DA0FBD6956966B86A3779 /* [CP] Embed Pods Frameworks */ = {
			isa = PBXShellScriptBuildPhase;
			buildActionMask = 2147483647;
			files = (
			);
			inputFileListPaths = (
				"${PODS_ROOT}/Target Support Files/Pods-Frontend-FrontendTests/Pods-Frontend-FrontendTests-frameworks-${CONFIGURATION}-input-files.xcfilelist",
			);
			name = "[CP] Embed Pods Frameworks";
			outputFileListPaths = (
				"${PODS_ROOT}/Target Support Files/Pods-Frontend-FrontendTests/Pods-Frontend-FrontendTests-frameworks-${CONFIGURATION}-output-files.xcfilelist",
			);
			runOnlyForDeploymentPostprocessing = 0;
			shellPath = /bin/sh;
			shellScript = "\"${PODS_ROOT}/Target Support Files/Pods-Frontend-FrontendTests/Pods-Frontend-FrontendTests-frameworks.sh\"\n";
			showEnvVarsInLog = 0;
		};
		E235C05ADACE081382539298 /* [CP] Copy Pods Resources */ = {
			isa = PBXShellScriptBuildPhase;
			buildActionMask = 2147483647;
			files = (
			);
			inputFileListPaths = (
				"${PODS_ROOT}/Target Support Files/Pods-Frontend/Pods-Frontend-resources-${CONFIGURATION}-input-files.xcfilelist",
			);
			name = "[CP] Copy Pods Resources";
			outputFileListPaths = (
				"${PODS_ROOT}/Target Support Files/Pods-Frontend/Pods-Frontend-resources-${CONFIGURATION}-output-files.xcfilelist",
			);
			runOnlyForDeploymentPostprocessing = 0;
			shellPath = /bin/sh;
			shellScript = "\"${PODS_ROOT}/Target Support Files/Pods-Frontend/Pods-Frontend-resources.sh\"\n";
			showEnvVarsInLog = 0;
		};
		F6A41C54EA430FDDC6A6ED99 /* [CP] Copy Pods Resources */ = {
			isa = PBXShellScriptBuildPhase;
			buildActionMask = 2147483647;
			files = (
			);
			inputFileListPaths = (
				"${PODS_ROOT}/Target Support Files/Pods-Frontend-FrontendTests/Pods-Frontend-FrontendTests-resources-${CONFIGURATION}-input-files.xcfilelist",
			);
			name = "[CP] Copy Pods Resources";
			outputFileListPaths = (
				"${PODS_ROOT}/Target Support Files/Pods-Frontend-FrontendTests/Pods-Frontend-FrontendTests-resources-${CONFIGURATION}-output-files.xcfilelist",
			);
			runOnlyForDeploymentPostprocessing = 0;
			shellPath = /bin/sh;
			shellScript = "\"${PODS_ROOT}/Target Support Files/Pods-Frontend-FrontendTests/Pods-Frontend-FrontendTests-resources.sh\"\n";
			showEnvVarsInLog = 0;
		};
		FD10A7F022414F080027D42C /* Start Packager */ = {
			isa = PBXShellScriptBuildPhase;
			buildActionMask = 2147483647;
			files = (
			);
			inputFileListPaths = (
			);
			inputPaths = (
			);
			name = "Start Packager";
			outputFileListPaths = (
			);
			outputPaths = (
			);
			runOnlyForDeploymentPostprocessing = 0;
			shellPath = /bin/sh;
			shellScript = "export RCT_METRO_PORT=\"${RCT_METRO_PORT:=8081}\"\necho \"export RCT_METRO_PORT=${RCT_METRO_PORT}\" > \"${SRCROOT}/../node_modules/react-native/scripts/.packager.env\"\nif [ -z \"${RCT_NO_LAUNCH_PACKAGER+xxx}\" ] ; then\n  if nc -w 5 -z localhost ${RCT_METRO_PORT} ; then\n    if ! curl -s \"http://localhost:${RCT_METRO_PORT}/status\" | grep -q \"packager-status:running\" ; then\n      echo \"Port ${RCT_METRO_PORT} already in use, packager is either not running or not running correctly\"\n      exit 2\n    fi\n  else\n    open \"$SRCROOT/../node_modules/react-native/scripts/launchPackager.command\" || echo \"Can't start packager automatically\"\n  fi\nfi\n";
			showEnvVarsInLog = 0;
		};
/* End PBXShellScriptBuildPhase section */

/* Begin PBXSourcesBuildPhase section */
		00E356EA1AD99517003FC87E /* Sources */ = {
			isa = PBXSourcesBuildPhase;
			buildActionMask = 2147483647;
			files = (
				00E356F31AD99517003FC87E /* FrontendTests.m in Sources */,
			);
			runOnlyForDeploymentPostprocessing = 0;
		};
		13B07F871A680F5B00A75B9A /* Sources */ = {
			isa = PBXSourcesBuildPhase;
			buildActionMask = 2147483647;
			files = (
				13B07FBC1A68108700A75B9A /* AppDelegate.mm in Sources */,
				13B07FC11A68108700A75B9A /* main.m in Sources */,
			);
			runOnlyForDeploymentPostprocessing = 0;
		};
/* End PBXSourcesBuildPhase section */

/* Begin PBXTargetDependency section */
		00E356F51AD99517003FC87E /* PBXTargetDependency */ = {
			isa = PBXTargetDependency;
			target = 13B07F861A680F5B00A75B9A /* Frontend */;
			targetProxy = 00E356F41AD99517003FC87E /* PBXContainerItemProxy */;
		};
/* End PBXTargetDependency section */

/* Begin XCBuildConfiguration section */
		00E356F61AD99517003FC87E /* Debug */ = {
			isa = XCBuildConfiguration;
			baseConfigurationReference = 5B7EB9410499542E8C5724F5 /* Pods-Frontend-FrontendTests.debug.xcconfig */;
			buildSettings = {
				BUNDLE_LOADER = "$(TEST_HOST)";
				GCC_PREPROCESSOR_DEFINITIONS = (
					"DEBUG=1",
					"$(inherited)",
				);
				INFOPLIST_FILE = FrontendTests/Info.plist;
				IPHONEOS_DEPLOYMENT_TARGET = 12.4;
				LD_RUNPATH_SEARCH_PATHS = (
					"$(inherited)",
					"@executable_path/Frameworks",
					"@loader_path/Frameworks",
				);
				OTHER_LDFLAGS = (
					"-ObjC",
					"-lc++",
					"$(inherited)",
				);
				PRODUCT_BUNDLE_IDENTIFIER = "org.reactjs.native.example.$(PRODUCT_NAME:rfc1034identifier)";
				PRODUCT_NAME = "$(TARGET_NAME)";
				TEST_HOST = "$(BUILT_PRODUCTS_DIR)/Frontend.app/Frontend";
			};
			name = Debug;
		};
		00E356F71AD99517003FC87E /* Release */ = {
			isa = XCBuildConfiguration;
			baseConfigurationReference = 89C6BE57DB24E9ADA2F236DE /* Pods-Frontend-FrontendTests.release.xcconfig */;
			buildSettings = {
				BUNDLE_LOADER = "$(TEST_HOST)";
				COPY_PHASE_STRIP = NO;
				INFOPLIST_FILE = FrontendTests/Info.plist;
				IPHONEOS_DEPLOYMENT_TARGET = 12.4;
				LD_RUNPATH_SEARCH_PATHS = (
					"$(inherited)",
					"@executable_path/Frameworks",
					"@loader_path/Frameworks",
				);
				OTHER_LDFLAGS = (
					"-ObjC",
					"-lc++",
					"$(inherited)",
				);
				PRODUCT_BUNDLE_IDENTIFIER = "org.reactjs.native.example.$(PRODUCT_NAME:rfc1034identifier)";
				PRODUCT_NAME = "$(TARGET_NAME)";
				TEST_HOST = "$(BUILT_PRODUCTS_DIR)/Frontend.app/Frontend";
			};
			name = Release;
		};
		13B07F941A680F5B00A75B9A /* Debug */ = {
			isa = XCBuildConfiguration;
			baseConfigurationReference = 3B4392A12AC88292D35C810B /* Pods-Frontend.debug.xcconfig */;
			buildSettings = {
				ASSETCATALOG_COMPILER_APPICON_NAME = AppIcon;
				CLANG_ENABLE_MODULES = YES;
				CURRENT_PROJECT_VERSION = 1;
				ENABLE_BITCODE = NO;
				INFOPLIST_FILE = Frontend/Info.plist;
				LD_RUNPATH_SEARCH_PATHS = (
					"$(inherited)",
					"@executable_path/Frameworks",
				);
				MARKETING_VERSION = 1.0;
				OTHER_LDFLAGS = (
					"$(inherited)",
					"-ObjC",
					"-lc++",
				);
				PRODUCT_BUNDLE_IDENTIFIER = "org.reactjs.native.example.$(PRODUCT_NAME:rfc1034identifier)";
				PRODUCT_NAME = Frontend;
				SWIFT_OPTIMIZATION_LEVEL = "-Onone";
				SWIFT_VERSION = 5.0;
				VERSIONING_SYSTEM = "apple-generic";
			};
			name = Debug;
		};
		13B07F951A680F5B00A75B9A /* Release */ = {
			isa = XCBuildConfiguration;
			baseConfigurationReference = 5709B34CF0A7D63546082F79 /* Pods-Frontend.release.xcconfig */;
			buildSettings = {
				ASSETCATALOG_COMPILER_APPICON_NAME = AppIcon;
				CLANG_ENABLE_MODULES = YES;
				CURRENT_PROJECT_VERSION = 1;
				INFOPLIST_FILE = Frontend/Info.plist;
				LD_RUNPATH_SEARCH_PATHS = (
					"$(inherited)",
					"@executable_path/Frameworks",
				);
				MARKETING_VERSION = 1.0;
				OTHER_LDFLAGS = (
					"$(inherited)",
					"-ObjC",
					"-lc++",
				);
				PRODUCT_BUNDLE_IDENTIFIER = "org.reactjs.native.example.$(PRODUCT_NAME:rfc1034identifier)";
				PRODUCT_NAME = Frontend;
				SWIFT_VERSION = 5.0;
				VERSIONING_SYSTEM = "apple-generic";
			};
			name = Release;
		};
		83CBBA201A601CBA00E9B192 /* Debug */ = {
			isa = XCBuildConfiguration;
			buildSettings = {
				ALWAYS_SEARCH_USER_PATHS = NO;
				CLANG_ANALYZER_LOCALIZABILITY_NONLOCALIZED = YES;
				CLANG_CXX_LANGUAGE_STANDARD = "c++17";
				CLANG_CXX_LIBRARY = "libc++";
				CLANG_ENABLE_MODULES = YES;
				CLANG_ENABLE_OBJC_ARC = YES;
				CLANG_WARN_BLOCK_CAPTURE_AUTORELEASING = YES;
				CLANG_WARN_BOOL_CONVERSION = YES;
				CLANG_WARN_COMMA = YES;
				CLANG_WARN_CONSTANT_CONVERSION = YES;
				CLANG_WARN_DEPRECATED_OBJC_IMPLEMENTATIONS = YES;
				CLANG_WARN_DIRECT_OBJC_ISA_USAGE = YES_ERROR;
				CLANG_WARN_EMPTY_BODY = YES;
				CLANG_WARN_ENUM_CONVERSION = YES;
				CLANG_WARN_INFINITE_RECURSION = YES;
				CLANG_WARN_INT_CONVERSION = YES;
				CLANG_WARN_NON_LITERAL_NULL_CONVERSION = YES;
				CLANG_WARN_OBJC_IMPLICIT_RETAIN_SELF = YES;
				CLANG_WARN_OBJC_LITERAL_CONVERSION = YES;
				CLANG_WARN_OBJC_ROOT_CLASS = YES_ERROR;
				CLANG_WARN_QUOTED_INCLUDE_IN_FRAMEWORK_HEADER = YES;
				CLANG_WARN_RANGE_LOOP_ANALYSIS = YES;
				CLANG_WARN_STRICT_PROTOTYPES = YES;
				CLANG_WARN_SUSPICIOUS_MOVE = YES;
				CLANG_WARN_UNREACHABLE_CODE = YES;
				CLANG_WARN__DUPLICATE_METHOD_MATCH = YES;
				"CODE_SIGN_IDENTITY[sdk=iphoneos*]" = "iPhone Developer";
				COPY_PHASE_STRIP = NO;
				ENABLE_STRICT_OBJC_MSGSEND = YES;
				ENABLE_TESTABILITY = YES;
				"EXCLUDED_ARCHS[sdk=iphonesimulator*]" = "";
				GCC_C_LANGUAGE_STANDARD = gnu99;
				GCC_DYNAMIC_NO_PIC = NO;
				GCC_NO_COMMON_BLOCKS = YES;
				GCC_OPTIMIZATION_LEVEL = 0;
				GCC_PREPROCESSOR_DEFINITIONS = (
					"DEBUG=1",
					"$(inherited)",
				);
				GCC_SYMBOLS_PRIVATE_EXTERN = NO;
				GCC_WARN_64_TO_32_BIT_CONVERSION = YES;
				GCC_WARN_ABOUT_RETURN_TYPE = YES_ERROR;
				GCC_WARN_UNDECLARED_SELECTOR = YES;
				GCC_WARN_UNINITIALIZED_AUTOS = YES_AGGRESSIVE;
				GCC_WARN_UNUSED_FUNCTION = YES;
				GCC_WARN_UNUSED_VARIABLE = YES;
				IPHONEOS_DEPLOYMENT_TARGET = 12.4;
				LD_RUNPATH_SEARCH_PATHS = (
					/usr/lib/swift,
					"$(inherited)",
				);
				LIBRARY_SEARCH_PATHS = (
					"\"$(SDKROOT)/usr/lib/swift\"",
					"\"$(TOOLCHAIN_DIR)/usr/lib/swift/$(PLATFORM_NAME)\"",
					"\"$(inherited)\"",
				);
				MTL_ENABLE_DEBUG_INFO = YES;
				ONLY_ACTIVE_ARCH = YES;
				OTHER_CPLUSPLUSFLAGS = (
					"$(OTHER_CFLAGS)",
					"-DFOLLY_NO_CONFIG",
					"-DFOLLY_MOBILE=1",
					"-DFOLLY_USE_LIBCPP=1",
				);
				SDKROOT = iphoneos;
			};
			name = Debug;
		};
		83CBBA211A601CBA00E9B192 /* Release */ = {
			isa = XCBuildConfiguration;
			buildSettings = {
				ALWAYS_SEARCH_USER_PATHS = NO;
				CLANG_ANALYZER_LOCALIZABILITY_NONLOCALIZED = YES;
				CLANG_CXX_LANGUAGE_STANDARD = "c++17";
				CLANG_CXX_LIBRARY = "libc++";
				CLANG_ENABLE_MODULES = YES;
				CLANG_ENABLE_OBJC_ARC = YES;
				CLANG_WARN_BLOCK_CAPTURE_AUTORELEASING = YES;
				CLANG_WARN_BOOL_CONVERSION = YES;
				CLANG_WARN_COMMA = YES;
				CLANG_WARN_CONSTANT_CONVERSION = YES;
				CLANG_WARN_DEPRECATED_OBJC_IMPLEMENTATIONS = YES;
				CLANG_WARN_DIRECT_OBJC_ISA_USAGE = YES_ERROR;
				CLANG_WARN_EMPTY_BODY = YES;
				CLANG_WARN_ENUM_CONVERSION = YES;
				CLANG_WARN_INFINITE_RECURSION = YES;
				CLANG_WARN_INT_CONVERSION = YES;
				CLANG_WARN_NON_LITERAL_NULL_CONVERSION = YES;
				CLANG_WARN_OBJC_IMPLICIT_RETAIN_SELF = YES;
				CLANG_WARN_OBJC_LITERAL_CONVERSION = YES;
				CLANG_WARN_OBJC_ROOT_CLASS = YES_ERROR;
				CLANG_WARN_QUOTED_INCLUDE_IN_FRAMEWORK_HEADER = YES;
				CLANG_WARN_RANGE_LOOP_ANALYSIS = YES;
				CLANG_WARN_STRICT_PROTOTYPES = YES;
				CLANG_WARN_SUSPICIOUS_MOVE = YES;
				CLANG_WARN_UNREACHABLE_CODE = YES;
				CLANG_WARN__DUPLICATE_METHOD_MATCH = YES;
				"CODE_SIGN_IDENTITY[sdk=iphoneos*]" = "iPhone Developer";
				COPY_PHASE_STRIP = YES;
				ENABLE_NS_ASSERTIONS = NO;
				ENABLE_STRICT_OBJC_MSGSEND = YES;
				"EXCLUDED_ARCHS[sdk=iphonesimulator*]" = "";
				GCC_C_LANGUAGE_STANDARD = gnu99;
				GCC_NO_COMMON_BLOCKS = YES;
				GCC_WARN_64_TO_32_BIT_CONVERSION = YES;
				GCC_WARN_ABOUT_RETURN_TYPE = YES_ERROR;
				GCC_WARN_UNDECLARED_SELECTOR = YES;
				GCC_WARN_UNINITIALIZED_AUTOS = YES_AGGRESSIVE;
				GCC_WARN_UNUSED_FUNCTION = YES;
				GCC_WARN_UNUSED_VARIABLE = YES;
				IPHONEOS_DEPLOYMENT_TARGET = 12.4;
				LD_RUNPATH_SEARCH_PATHS = (
					/usr/lib/swift,
					"$(inherited)",
				);
				LIBRARY_SEARCH_PATHS = (
					"\"$(SDKROOT)/usr/lib/swift\"",
					"\"$(TOOLCHAIN_DIR)/usr/lib/swift/$(PLATFORM_NAME)\"",
					"\"$(inherited)\"",
				);
				MTL_ENABLE_DEBUG_INFO = NO;
				OTHER_CPLUSPLUSFLAGS = (
					"$(OTHER_CFLAGS)",
					"-DFOLLY_NO_CONFIG",
					"-DFOLLY_MOBILE=1",
					"-DFOLLY_USE_LIBCPP=1",
				);
				SDKROOT = iphoneos;
				VALIDATE_PRODUCT = YES;
			};
			name = Release;
		};
/* End XCBuildConfiguration section */

/* Begin XCConfigurationList section */
		00E357021AD99517003FC87E /* Build configuration list for PBXNativeTarget "FrontendTests" */ = {
			isa = XCConfigurationList;
			buildConfigurations = (
				00E356F61AD99517003FC87E /* Debug */,
				00E356F71AD99517003FC87E /* Release */,
			);
			defaultConfigurationIsVisible = 0;
			defaultConfigurationName = Release;
		};
		13B07F931A680F5B00A75B9A /* Build configuration list for PBXNativeTarget "Frontend" */ = {
			isa = XCConfigurationList;
			buildConfigurations = (
				13B07F941A680F5B00A75B9A /* Debug */,
				13B07F951A680F5B00A75B9A /* Release */,
			);
			defaultConfigurationIsVisible = 0;
			defaultConfigurationName = Release;
		};
		83CBB9FA1A601CBA00E9B192 /* Build configuration list for PBXProject "Frontend" */ = {
			isa = XCConfigurationList;
			buildConfigurations = (
				83CBBA201A601CBA00E9B192 /* Debug */,
				83CBBA211A601CBA00E9B192 /* Release */,
			);
			defaultConfigurationIsVisible = 0;
			defaultConfigurationName = Release;
		};
/* End XCConfigurationList section */
	};
	rootObject = 83CBB9F71A601CBA00E9B192 /* Project object */;
}
